
Microsoft Visual Studio Solution File, Format Version 12.00
# Visual Studio Version 16
VisualStudioVersion = 16.0.30503.244
MinimumVisualStudioVersion = 10.0.40219.1
Project("{FAE04EC0-301F-11D3-BF4B-00C04F79EFBC}") = "AutoMapperInheritance", "AutoMapperInheritance\AutoMapperInheritance.csproj", "{1E26410A-13B3-4B5B-A70C-6472157CC8E3}"
EndProject
Global
	GlobalSection(SolutionConfigurationPlatforms) = preSolution
		Debug|Any CPU = Debug|Any CPU
		Release|Any CPU = Release|Any CPU
	EndGlobalSection
	GlobalSection(ProjectConfigurationPlatforms) = postSolution
		{1E26410A-13B3-4B5B-A70C-6472157CC8E3}.Debug|Any CPU.ActiveCfg = Debug|Any CPU
		{1E26410A-13B3-4B5B-A70C-6472157CC8E3}.Debug|Any CPU.Build.0 = Debug|Any CPU
		{1E26410A-13B3-4B5B-A70C-6472157CC8E3}.Release|Any CPU.ActiveCfg = Release|Any CPU
		{1E26410A-13B3-4B5B-A70C-6472157CC8E3}.Release|Any CPU.Build.0 = Release|Any CPU
	EndGlobalSection
	GlobalSection(SolutionProperties) = preSolution
		HideSolutionNode = FALSE
	EndGlobalSection
	GlobalSection(ExtensibilityGlobals) = postSolution
		SolutionGuid = {744ADEC0-D4A6-465F-AD30-4675D73CC89F}
	EndGlobalSection
EndGlobal
